<?xml version="1.0" encoding="utf-8"?>
<Project ToolsVersion="4.0" xmlns="http://schemas.microsoft.com/developer/msbuild/2003">
  <ItemGroup>
    <ClInclude Include="ContourTracing.hpp" />
    <ClInclude Include="ContourTracingGeneratorTemplate.hpp" />
  </ItemGroup>
  <ItemGroup>
    <None Include="ContourTracingGenerator.py" />
  </ItemGroup>
  <ItemGroup>
    <ClCompile Include="ContourTracingTest.cpp" />
  </ItemGroup>
</Project>